
Microsoft Visual Studio Solution File, Format Version 12.00
# Visual Studio Version 16
VisualStudioVersion = 16.0.28803.202
MinimumVisualStudioVersion = 10.0.40219.1
Project("{9A19103F-16F7-4668-BE54-9A1E7A4F7556}") = "DDzia.NetCore.DependencyInjection", "DDzia.NetCore.DependencyInjection\DDzia.NetCore.DependencyInjection.csproj", "{6F539888-9FED-4D72-BA53-A23FD97FCC30}"
EndProject
Project("{2150E333-8FDC-42A3-9474-1A3956D46DE8}") = "build-definitions", "build-definitions", "{15556ED7-B96B-46B5-9B47-EE5AF612D659}"
	ProjectSection(SolutionItems) = preProject
		build-definitions\azure-pipelines.build-pr-master.yaml = build-definitions\azure-pipelines.build-pr-master.yaml
		build-definitions\azure-pipelines.deploy-master.yaml = build-definitions\azure-pipelines.deploy-master.yaml
	EndProjectSection
EndProject
Global
	GlobalSection(SolutionConfigurationPlatforms) = preSolution
		Debug|Any CPU = Debug|Any CPU
		Release|Any CPU = Release|Any CPU
	EndGlobalSection
	GlobalSection(ProjectConfigurationPlatforms) = postSolution
		{6F539888-9FED-4D72-BA53-A23FD97FCC30}.Debug|Any CPU.ActiveCfg = Debug|Any CPU
		{6F539888-9FED-4D72-BA53-A23FD97FCC30}.Debug|Any CPU.Build.0 = Debug|Any CPU
		{6F539888-9FED-4D72-BA53-A23FD97FCC30}.Release|Any CPU.ActiveCfg = Release|Any CPU
		{6F539888-9FED-4D72-BA53-A23FD97FCC30}.Release|Any CPU.Build.0 = Release|Any CPU
	EndGlobalSection
	GlobalSection(SolutionProperties) = preSolution
		HideSolutionNode = FALSE
	EndGlobalSection
	GlobalSection(ExtensibilityGlobals) = postSolution
		SolutionGuid = {1717A8E5-8D9C-414F-AF63-D17B854BD1C0}
	EndGlobalSection
EndGlobal
